
Microsoft Visual Studio Solution File, Format Version 12.00
# Visual Studio Version 17
VisualStudioVersion = 17.2.32210.308
MinimumVisualStudioVersion = 10.0.40219.1
Project("{9A19103F-16F7-4668-BE54-9A1E7A4F7556}") = "BlazorScenarioTests.Server", "Server\BlazorScenarioTests.Server.csproj", "{2658FB39-C9E9-4758-8BB6-E02272BFBE1D}"
EndProject
Project("{9A19103F-16F7-4668-BE54-9A1E7A4F7556}") = "BlazorScenarioTests.Client", "Client\BlazorScenarioTests.Client.csproj", "{2A4B47C9-03E2-4DB9-852A-F2F078C40F7B}"
EndProject
Project("{9A19103F-16F7-4668-BE54-9A1E7A4F7556}") = "BlazorScenarioTests.Shared", "Shared\BlazorScenarioTests.Shared.csproj", "{EE913878-54FA-49B4-9103-CAFFD1DA28BF}"
EndProject
Project("{FAE04EC0-301F-11D3-BF4B-00C04F79EFBC}") = "BlazorScenarioTests.Client.Tests", "Client.Tests\BlazorScenarioTests.Client.Tests\BlazorScenarioTests.Client.Tests.csproj", "{EF5A3625-6C11-4449-A617-1568AAF29C67}"
EndProject
Global
	GlobalSection(SolutionConfigurationPlatforms) = preSolution
		Debug|Any CPU = Debug|Any CPU
		Release|Any CPU = Release|Any CPU
	EndGlobalSection
	GlobalSection(ProjectConfigurationPlatforms) = postSolution
		{2658FB39-C9E9-4758-8BB6-E02272BFBE1D}.Debug|Any CPU.ActiveCfg = Debug|Any CPU
		{2658FB39-C9E9-4758-8BB6-E02272BFBE1D}.Debug|Any CPU.Build.0 = Debug|Any CPU
		{2658FB39-C9E9-4758-8BB6-E02272BFBE1D}.Release|Any CPU.ActiveCfg = Release|Any CPU
		{2658FB39-C9E9-4758-8BB6-E02272BFBE1D}.Release|Any CPU.Build.0 = Release|Any CPU
		{2A4B47C9-03E2-4DB9-852A-F2F078C40F7B}.Debug|Any CPU.ActiveCfg = Debug|Any CPU
		{2A4B47C9-03E2-4DB9-852A-F2F078C40F7B}.Debug|Any CPU.Build.0 = Debug|Any CPU
		{2A4B47C9-03E2-4DB9-852A-F2F078C40F7B}.Release|Any CPU.ActiveCfg = Release|Any CPU
		{2A4B47C9-03E2-4DB9-852A-F2F078C40F7B}.Release|Any CPU.Build.0 = Release|Any CPU
		{EE913878-54FA-49B4-9103-CAFFD1DA28BF}.Debug|Any CPU.ActiveCfg = Debug|Any CPU
		{EE913878-54FA-49B4-9103-CAFFD1DA28BF}.Debug|Any CPU.Build.0 = Debug|Any CPU
		{EE913878-54FA-49B4-9103-CAFFD1DA28BF}.Release|Any CPU.ActiveCfg = Release|Any CPU
		{EE913878-54FA-49B4-9103-CAFFD1DA28BF}.Release|Any CPU.Build.0 = Release|Any CPU
		{EF5A3625-6C11-4449-A617-1568AAF29C67}.Debug|Any CPU.ActiveCfg = Debug|Any CPU
		{EF5A3625-6C11-4449-A617-1568AAF29C67}.Debug|Any CPU.Build.0 = Debug|Any CPU
		{EF5A3625-6C11-4449-A617-1568AAF29C67}.Release|Any CPU.ActiveCfg = Release|Any CPU
		{EF5A3625-6C11-4449-A617-1568AAF29C67}.Release|Any CPU.Build.0 = Release|Any CPU
	EndGlobalSection
	GlobalSection(SolutionProperties) = preSolution
		HideSolutionNode = FALSE
	EndGlobalSection
	GlobalSection(ExtensibilityGlobals) = postSolution
		SolutionGuid = {AF7946F3-69AE-4244-AB5A-F17FD479D039}
	EndGlobalSection
EndGlobal
